# This file is automatically @generated by Cargo.
# It is not intended for manual editing.
[[package]]
name = "gen-iter"
version = "0.2.0"
source = "registry+https://github.com/rust-lang/crates.io-index"
checksum = "94e0a87e769349d9ff0c7c897dfcce1b30e4afbbc72b92f3888dd449d26324a6"

[[package]]
name = "math24"
version = "0.1.0"
dependencies = [
 "gen-iter",
 "solver",
]

[[package]]
name = "solver"
version = "0.1.0"
dependencies = [
 "gen-iter",
]
